
Microsoft Visual Studio Solution File, Format Version 12.00
# Visual Studio Version 17
VisualStudioVersion = 17.14.36811.4
MinimumVisualStudioVersion = 10.0.40219.1
Project("{8BC9CEB8-8B4A-11D0-8D11-00A0C91BC942}") = "BasicSqliteCommands", "BasicSqliteCommands\BasicSqliteCommands.vcxproj", "{7D6CE3AB-B795-4BD2-A5D5-DD8787825A54}"
EndProject
Project("{8BC9CEB8-8B4A-11D0-8D11-00A0C91BC942}") = "sqlite3_lib", "sqlite3_lib\sqlite3_lib.vcxproj", "{FB7D9F56-7122-4C64-A726-12CD5DAF23CA}"
EndProject
Project("{2150E333-8FDC-42A3-9474-1A3956D46DE8}") = "Solution Items", "Solution Items", "{8EC462FD-D22E-90A8-E5CE-7E832BA40C5D}"
	ProjectSection(SolutionItems) = preProject
		sqlite3.txt = sqlite3.txt
	EndProjectSection
EndProject
Project("{8BC9CEB8-8B4A-11D0-8D11-00A0C91BC942}") = "IntermediateSqliteCommands", "IntermediateSqliteCommands\IntermediateSqliteCommands.vcxproj", "{A3004CE6-EBD0-43A4-ADA3-BEA951E4432A}"
EndProject
Global
	GlobalSection(SolutionConfigurationPlatforms) = preSolution
		Debug|x64 = Debug|x64
		Debug|x86 = Debug|x86
		Release|x64 = Release|x64
		Release|x86 = Release|x86
	EndGlobalSection
	GlobalSection(ProjectConfigurationPlatforms) = postSolution
		{7D6CE3AB-B795-4BD2-A5D5-DD8787825A54}.Debug|x64.ActiveCfg = Debug|x64
		{7D6CE3AB-B795-4BD2-A5D5-DD8787825A54}.Debug|x64.Build.0 = Debug|x64
		{7D6CE3AB-B795-4BD2-A5D5-DD8787825A54}.Debug|x86.ActiveCfg = Debug|Win32
		{7D6CE3AB-B795-4BD2-A5D5-DD8787825A54}.Debug|x86.Build.0 = Debug|Win32
		{7D6CE3AB-B795-4BD2-A5D5-DD8787825A54}.Release|x64.ActiveCfg = Release|x64
		{7D6CE3AB-B795-4BD2-A5D5-DD8787825A54}.Release|x64.Build.0 = Release|x64
		{7D6CE3AB-B795-4BD2-A5D5-DD8787825A54}.Release|x86.ActiveCfg = Release|Win32
		{7D6CE3AB-B795-4BD2-A5D5-DD8787825A54}.Release|x86.Build.0 = Release|Win32
		{FB7D9F56-7122-4C64-A726-12CD5DAF23CA}.Debug|x64.ActiveCfg = Debug|x64
		{FB7D9F56-7122-4C64-A726-12CD5DAF23CA}.Debug|x64.Build.0 = Debug|x64
		{FB7D9F56-7122-4C64-A726-12CD5DAF23CA}.Debug|x86.ActiveCfg = Debug|Win32
		{FB7D9F56-7122-4C64-A726-12CD5DAF23CA}.Debug|x86.Build.0 = Debug|Win32
		{FB7D9F56-7122-4C64-A726-12CD5DAF23CA}.Release|x64.ActiveCfg = Release|x64
		{FB7D9F56-7122-4C64-A726-12CD5DAF23CA}.Release|x64.Build.0 = Release|x64
		{FB7D9F56-7122-4C64-A726-12CD5DAF23CA}.Release|x86.ActiveCfg = Release|Win32
		{FB7D9F56-7122-4C64-A726-12CD5DAF23CA}.Release|x86.Build.0 = Release|Win32
		{A3004CE6-EBD0-43A4-ADA3-BEA951E4432A}.Debug|x64.ActiveCfg = Debug|x64
		{A3004CE6-EBD0-43A4-ADA3-BEA951E4432A}.Debug|x64.Build.0 = Debug|x64
		{A3004CE6-EBD0-43A4-ADA3-BEA951E4432A}.Debug|x86.ActiveCfg = Debug|Win32
		{A3004CE6-EBD0-43A4-ADA3-BEA951E4432A}.Debug|x86.Build.0 = Debug|Win32
		{A3004CE6-EBD0-43A4-ADA3-BEA951E4432A}.Release|x64.ActiveCfg = Release|x64
		{A3004CE6-EBD0-43A4-ADA3-BEA951E4432A}.Release|x64.Build.0 = Release|x64
		{A3004CE6-EBD0-43A4-ADA3-BEA951E4432A}.Release|x86.ActiveCfg = Release|Win32
		{A3004CE6-EBD0-43A4-ADA3-BEA951E4432A}.Release|x86.Build.0 = Release|Win32
	EndGlobalSection
	GlobalSection(SolutionProperties) = preSolution
		HideSolutionNode = FALSE
	EndGlobalSection
	GlobalSection(ExtensibilityGlobals) = postSolution
		SolutionGuid = {CB2977D9-88B2-4925-8FA9-573EED0575C4}
	EndGlobalSection
EndGlobal
